
Microsoft Visual Studio Solution File, Format Version 12.00
# Visual Studio Version 16
VisualStudioVersion = 25.0.1706.8
MinimumVisualStudioVersion = 10.0.40219.1
Project("{FAE04EC0-301F-11D3-BF4B-00C04F79EFBC}") = "RecipeProj.Server", "RecipeProj\Server\RecipeProj.Server.csproj", "{56B587C5-1A22-4316-B14F-82701FD34C78}"
EndProject
Project("{FAE04EC0-301F-11D3-BF4B-00C04F79EFBC}") = "RecipeProj.Client", "RecipeProj\Client\RecipeProj.Client.csproj", "{932C8374-ECBA-4A3B-A4A2-D0BDF97276CC}"
EndProject
Project("{FAE04EC0-301F-11D3-BF4B-00C04F79EFBC}") = "RecipeProj.Shared", "RecipeProj\Shared\RecipeProj.Shared.csproj", "{A02C724A-3644-4CDA-9E94-4D344EB1015D}"
EndProject
Global
	GlobalSection(SolutionConfigurationPlatforms) = preSolution
		Debug|Any CPU = Debug|Any CPU
		Release|Any CPU = Release|Any CPU
	EndGlobalSection
	GlobalSection(ProjectConfigurationPlatforms) = postSolution
		{56B587C5-1A22-4316-B14F-82701FD34C78}.Debug|Any CPU.ActiveCfg = Debug|Any CPU
		{56B587C5-1A22-4316-B14F-82701FD34C78}.Debug|Any CPU.Build.0 = Debug|Any CPU
		{56B587C5-1A22-4316-B14F-82701FD34C78}.Release|Any CPU.ActiveCfg = Release|Any CPU
		{56B587C5-1A22-4316-B14F-82701FD34C78}.Release|Any CPU.Build.0 = Release|Any CPU
		{932C8374-ECBA-4A3B-A4A2-D0BDF97276CC}.Debug|Any CPU.ActiveCfg = Debug|Any CPU
		{932C8374-ECBA-4A3B-A4A2-D0BDF97276CC}.Debug|Any CPU.Build.0 = Debug|Any CPU
		{932C8374-ECBA-4A3B-A4A2-D0BDF97276CC}.Release|Any CPU.ActiveCfg = Release|Any CPU
		{932C8374-ECBA-4A3B-A4A2-D0BDF97276CC}.Release|Any CPU.Build.0 = Release|Any CPU
		{A02C724A-3644-4CDA-9E94-4D344EB1015D}.Debug|Any CPU.ActiveCfg = Debug|Any CPU
		{A02C724A-3644-4CDA-9E94-4D344EB1015D}.Debug|Any CPU.Build.0 = Debug|Any CPU
		{A02C724A-3644-4CDA-9E94-4D344EB1015D}.Release|Any CPU.ActiveCfg = Release|Any CPU
		{A02C724A-3644-4CDA-9E94-4D344EB1015D}.Release|Any CPU.Build.0 = Release|Any CPU
	EndGlobalSection
	GlobalSection(SolutionProperties) = preSolution
		HideSolutionNode = FALSE
	EndGlobalSection
	GlobalSection(ExtensibilityGlobals) = postSolution
		SolutionGuid = {EBE681A5-41F8-415F-8557-0A1829458D37}
	EndGlobalSection
EndGlobal
